
Microsoft Visual Studio Solution File, Format Version 12.00
# Visual Studio Version 17
VisualStudioVersion = 17.1.32210.238
MinimumVisualStudioVersion = 10.0.40219.1
Project("{FAE04EC0-301F-11D3-BF4B-00C04F79EFBC}") = "MyWebApplication", "MyWebApplication\MyWebApplication.csproj", "{09AAD5C5-689A-4FFC-89AE-E7250B7EE814}"
EndProject
Global
	GlobalSection(SolutionConfigurationPlatforms) = preSolution
		Debug|Any CPU = Debug|Any CPU
		Release|Any CPU = Release|Any CPU
	EndGlobalSection
	GlobalSection(ProjectConfigurationPlatforms) = postSolution
		{09AAD5C5-689A-4FFC-89AE-E7250B7EE814}.Debug|Any CPU.ActiveCfg = Debug|Any CPU
		{09AAD5C5-689A-4FFC-89AE-E7250B7EE814}.Debug|Any CPU.Build.0 = Debug|Any CPU
		{09AAD5C5-689A-4FFC-89AE-E7250B7EE814}.Release|Any CPU.ActiveCfg = Release|Any CPU
		{09AAD5C5-689A-4FFC-89AE-E7250B7EE814}.Release|Any CPU.Build.0 = Release|Any CPU
	EndGlobalSection
	GlobalSection(SolutionProperties) = preSolution
		HideSolutionNode = FALSE
	EndGlobalSection
	GlobalSection(ExtensibilityGlobals) = postSolution
		SolutionGuid = {42D3C2E1-1AD6-4016-B3FF-9CC897368B36}
	EndGlobalSection
EndGlobal
